
Microsoft Visual Studio Solution File, Format Version 12.00
# Visual Studio Version 16
VisualStudioVersion = 16.0.31702.278
MinimumVisualStudioVersion = 10.0.40219.1
Project("{2150E333-8FDC-42A3-9474-1A3956D46DE8}") = "Solution Items", "Solution Items", "{D05F2D1C-4267-4AE9-803D-4C12722E02F5}"
	ProjectSection(SolutionItems) = preProject
		README.md = README.md
	EndProjectSection
EndProject
Project("{FAE04EC0-301F-11D3-BF4B-00C04F79EFBC}") = "WEBBanHang_SKTT1_18ct112", "WEBBanHang_SKTT1_18ct112\WEBBanHang_SKTT1_18ct112.csproj", "{42EEA92A-5E71-43E2-9C5F-FF5AE8B3047C}"
EndProject
Global
	GlobalSection(SolutionConfigurationPlatforms) = preSolution
		Debug|Any CPU = Debug|Any CPU
		Release|Any CPU = Release|Any CPU
	EndGlobalSection
	GlobalSection(ProjectConfigurationPlatforms) = postSolution
		{42EEA92A-5E71-43E2-9C5F-FF5AE8B3047C}.Debug|Any CPU.ActiveCfg = Debug|Any CPU
		{42EEA92A-5E71-43E2-9C5F-FF5AE8B3047C}.Debug|Any CPU.Build.0 = Debug|Any CPU
		{42EEA92A-5E71-43E2-9C5F-FF5AE8B3047C}.Release|Any CPU.ActiveCfg = Release|Any CPU
		{42EEA92A-5E71-43E2-9C5F-FF5AE8B3047C}.Release|Any CPU.Build.0 = Release|Any CPU
	EndGlobalSection
	GlobalSection(SolutionProperties) = preSolution
		HideSolutionNode = FALSE
	EndGlobalSection
	GlobalSection(ExtensibilityGlobals) = postSolution
		SolutionGuid = {6887BDDF-E0AC-4A45-98D8-F8BD6304B210}
	EndGlobalSection
EndGlobal
